// !$*UTF8*$!
{
	archiveVersion = 1;
	classes = {
	};
	objectVersion = 50;
	objects = {

/* Begin PBXBuildFile section */
		2A8D9FED2612611B001F395B /* BaseXCTestCase.swift in Sources */ = {isa = PBXBuildFile; fileRef = 2A8D9FEC2612611B001F395B /* BaseXCTestCase.swift */; };
		2A8D9FF52612634B001F395B /* NetworkEndpoint.swift in Sources */ = {isa = PBXBuildFile; fileRef = 2A8D9FF42612634B001F395B /* NetworkEndpoint.swift */; };
		2A8D9FFA26126380001F395B /* NetworkEndpointTests.swift in Sources */ = {isa = PBXBuildFile; fileRef = 2A8D9FF926126380001F395B /* NetworkEndpointTests.swift */; };
		2A8DA00626126824001F395B /* BundleManager.swift in Sources */ = {isa = PBXBuildFile; fileRef = 2A8DA00526126824001F395B /* BundleManager.swift */; };
		2A8DA016261278BF001F395B /* Keys.plist in Resources */ = {isa = PBXBuildFile; fileRef = 2A8DA015261278BF001F395B /* Keys.plist */; };
		2A8DA01B261323C1001F395B /* NetworkingManager.swift in Sources */ = {isa = PBXBuildFile; fileRef = 2A8DA01A261323C1001F395B /* NetworkingManager.swift */; };
		2A8DA01F2613248D001F395B /* NetworkError.swift in Sources */ = {isa = PBXBuildFile; fileRef = 2A8DA01E2613248D001F395B /* NetworkError.swift */; };
		2A8DA02626132602001F395B /* MockURLSession.swift in Sources */ = {isa = PBXBuildFile; fileRef = 2A8DA02526132602001F395B /* MockURLSession.swift */; };
		2A8DA02E26132641001F395B /* DummyURLSessionDataTask.swift in Sources */ = {isa = PBXBuildFile; fileRef = 2A8DA02D26132641001F395B /* DummyURLSessionDataTask.swift */; };
		2A8DA03426132824001F395B /* MoviesSearchData.swift in Sources */ = {isa = PBXBuildFile; fileRef = 2A8DA03326132824001F395B /* MoviesSearchData.swift */; };
		2A8DA03C2613293B001F395B /* Published+Codable.swift in Sources */ = {isa = PBXBuildFile; fileRef = 2A8DA03B2613293B001F395B /* Published+Codable.swift */; };
		2A8DA04226132A84001F395B /* MotionPictureType.swift in Sources */ = {isa = PBXBuildFile; fileRef = 2A8DA04126132A84001F395B /* MotionPictureType.swift */; };
		2A8DA04626132AD9001F395B /* SearchResultData.swift in Sources */ = {isa = PBXBuildFile; fileRef = 2A8DA04526132AD9001F395B /* SearchResultData.swift */; };
		2A8DA0502613449D001F395B /* SearchMoviesView.swift in Sources */ = {isa = PBXBuildFile; fileRef = 2A8DA04F2613449D001F395B /* SearchMoviesView.swift */; };
		2A8DA0572613481D001F395B /* Localized.swift in Sources */ = {isa = PBXBuildFile; fileRef = 2A8DA0562613481D001F395B /* Localized.swift */; };
		2A8DA05E26134878001F395B /* Localizable.strings in Resources */ = {isa = PBXBuildFile; fileRef = 2A8DA06026134878001F395B /* Localizable.strings */; };
		2A8DA067261349DA001F395B /* Image+Name.swift in Sources */ = {isa = PBXBuildFile; fileRef = 2A8DA066261349DA001F395B /* Image+Name.swift */; };
		2A8DA06C26134B2D001F395B /* WelcomeView.swift in Sources */ = {isa = PBXBuildFile; fileRef = 2A8DA06B26134B2D001F395B /* WelcomeView.swift */; };
		2A8DA07426134E64001F395B /* MainButton.swift in Sources */ = {isa = PBXBuildFile; fileRef = 2A8DA07326134E64001F395B /* MainButton.swift */; };
		2A8DA07926134EDF001F395B /* WelcomeCell.swift in Sources */ = {isa = PBXBuildFile; fileRef = 2A8DA07826134EDF001F395B /* WelcomeCell.swift */; };
		2A8DA07F2613571E001F395B /* SkipButton.swift in Sources */ = {isa = PBXBuildFile; fileRef = 2A8DA07E2613571E001F395B /* SkipButton.swift */; };
		2A8DA084261357D0001F395B /* WelcomeTitle.swift in Sources */ = {isa = PBXBuildFile; fileRef = 2A8DA083261357D0001F395B /* WelcomeTitle.swift */; };
		2A8DA08D261361BF001F395B /* SearchBarRepresentable.swift in Sources */ = {isa = PBXBuildFile; fileRef = 2A8DA08C261361BF001F395B /* SearchBarRepresentable.swift */; };
		2A8DA0952613638E001F395B /* SearchBarModifier.swift in Sources */ = {isa = PBXBuildFile; fileRef = 2A8DA0942613638E001F395B /* SearchBarModifier.swift */; };
		2A8DA09D2613640E001F395B /* SearchBarItem.swift in Sources */ = {isa = PBXBuildFile; fileRef = 2A8DA09C2613640E001F395B /* SearchBarItem.swift */; };
		2A8DA0A3261364C2001F395B /* View+SearchBar.swift in Sources */ = {isa = PBXBuildFile; fileRef = 2A8DA0A2261364C2001F395B /* View+SearchBar.swift */; };
		2A8DA0AA26136A52001F395B /* MoviesViewModel.swift in Sources */ = {isa = PBXBuildFile; fileRef = 2A8DA0A926136A52001F395B /* MoviesViewModel.swift */; };
		2A8DA0AF26136B44001F395B /* MoviesViewModelTests.swift in Sources */ = {isa = PBXBuildFile; fileRef = 2A8DA0AE26136B44001F395B /* MoviesViewModelTests.swift */; };
		2A8DA0B8261370D0001F395B /* SearchMoviesData.json in Resources */ = {isa = PBXBuildFile; fileRef = 2A8DA0B7261370D0001F395B /* SearchMoviesData.json */; };
		2A8DA0BE26137127001F395B /* FakeResponseData.swift in Sources */ = {isa = PBXBuildFile; fileRef = 2A8DA0BD26137127001F395B /* FakeResponseData.swift */; };
		2A8DA0C3261375EB001F395B /* AlertProtocol.swift in Sources */ = {isa = PBXBuildFile; fileRef = 2A8DA0C2261375EB001F395B /* AlertProtocol.swift */; };
		2A8DA0C726137625001F395B /* BlaBlaMovieAlert.swift in Sources */ = {isa = PBXBuildFile; fileRef = 2A8DA0C626137625001F395B /* BlaBlaMovieAlert.swift */; };
		2A8DA0CC261376B9001F395B /* AlertManager.swift in Sources */ = {isa = PBXBuildFile; fileRef = 2A8DA0CB261376B9001F395B /* AlertManager.swift */; };
		2A8DA0D426137C18001F395B /* MainProgressViewModifier.swift in Sources */ = {isa = PBXBuildFile; fileRef = 2A8DA0D326137C18001F395B /* MainProgressViewModifier.swift */; };
		2A8DA0DA26138123001F395B /* MovieCell.swift in Sources */ = {isa = PBXBuildFile; fileRef = 2A8DA0D926138123001F395B /* MovieCell.swift */; };
		2A8DA0E42613B064001F395B /* WebImageView.swift in Sources */ = {isa = PBXBuildFile; fileRef = 2A8DA0E32613B064001F395B /* WebImageView.swift */; };
		2A8DA0EA2613B0CE001F395B /* WebImageViewModel.swift in Sources */ = {isa = PBXBuildFile; fileRef = 2A8DA0E92613B0CE001F395B /* WebImageViewModel.swift */; };
		2A8DA0EF2613B631001F395B /* ImageCacheManager.swift in Sources */ = {isa = PBXBuildFile; fileRef = 2A8DA0EE2613B631001F395B /* ImageCacheManager.swift */; };
		2A8DA0F52613B665001F395B /* ImageCacheProtocol.swift in Sources */ = {isa = PBXBuildFile; fileRef = 2A8DA0F42613B665001F395B /* ImageCacheProtocol.swift */; };
		2A8DA0F92613B6BB001F395B /* CacheConfiguration.swift in Sources */ = {isa = PBXBuildFile; fileRef = 2A8DA0F82613B6BB001F395B /* CacheConfiguration.swift */; };
		2A8DA0FF2613B773001F395B /* NSLockProtocol.swift in Sources */ = {isa = PBXBuildFile; fileRef = 2A8DA0FE2613B773001F395B /* NSLockProtocol.swift */; };
		2A8DA1032613B7AD001F395B /* UIImage+Decode.swift in Sources */ = {isa = PBXBuildFile; fileRef = 2A8DA1022613B7AD001F395B /* UIImage+Decode.swift */; };
		2A8DA1092613BE1A001F395B /* Images.xcassets in Resources */ = {isa = PBXBuildFile; fileRef = 2A8DA1082613BE1A001F395B /* Images.xcassets */; };
		2A8DA10F2613CB81001F395B /* BlankMovieCell.swift in Sources */ = {isa = PBXBuildFile; fileRef = 2A8DA10E2613CB81001F395B /* BlankMovieCell.swift */; };
		2A8DA1182613CE1E001F395B /* TheMovieView.swift in Sources */ = {isa = PBXBuildFile; fileRef = 2A8DA1172613CE1E001F395B /* TheMovieView.swift */; };
		2A8DA11F2613D3C8001F395B /* TheMovieGesture.swift in Sources */ = {isa = PBXBuildFile; fileRef = 2A8DA11E2613D3C8001F395B /* TheMovieGesture.swift */; };
		2A8DA1252613EB14001F395B /* MovieDetailsView.swift in Sources */ = {isa = PBXBuildFile; fileRef = 2A8DA1242613EB14001F395B /* MovieDetailsView.swift */; };
		2AD71AC0261243B90006F6FD /* BlaBlaMovieApp.swift in Sources */ = {isa = PBXBuildFile; fileRef = 2AD71ABF261243B90006F6FD /* BlaBlaMovieApp.swift */; };
		2AD71AC2261243B90006F6FD /* ContentView.swift in Sources */ = {isa = PBXBuildFile; fileRef = 2AD71AC1261243B90006F6FD /* ContentView.swift */; };
		2AD71AC4261243BB0006F6FD /* Assets.xcassets in Resources */ = {isa = PBXBuildFile; fileRef = 2AD71AC3261243BB0006F6FD /* Assets.xcassets */; };
		2AD71AC7261243BB0006F6FD /* Preview Assets.xcassets in Resources */ = {isa = PBXBuildFile; fileRef = 2AD71AC6261243BB0006F6FD /* Preview Assets.xcassets */; };
/* End PBXBuildFile section */

/* Begin PBXContainerItemProxy section */
		2A8D9FD826125E8D001F395B /* PBXContainerItemProxy */ = {
			isa = PBXContainerItemProxy;
			containerPortal = 2AD71AB4261243B90006F6FD /* Project object */;
			proxyType = 1;
			remoteGlobalIDString = 2AD71ABB261243B90006F6FD;
			remoteInfo = BlaBlaMovie;
		};
/* End PBXContainerItemProxy section */

/* Begin PBXFileReference section */
		2A8D9FD326125E8D001F395B /* BlaBlaMovieTests.xctest */ = {isa = PBXFileReference; explicitFileType = wrapper.cfbundle; includeInIndex = 0; path = BlaBlaMovieTests.xctest; sourceTree = BUILT_PRODUCTS_DIR; };
		2A8D9FD726125E8D001F395B /* Info.plist */ = {isa = PBXFileReference; lastKnownFileType = text.plist.xml; path = Info.plist; sourceTree = "<group>"; };
		2A8D9FE226125F3B001F395B /* Development.xctestplan */ = {isa = PBXFileReference; lastKnownFileType = text; path = Development.xctestplan; sourceTree = "<group>"; };
		2A8D9FEC2612611B001F395B /* BaseXCTestCase.swift */ = {isa = PBXFileReference; lastKnownFileType = sourcecode.swift; path = BaseXCTestCase.swift; sourceTree = "<group>"; };
		2A8D9FF42612634B001F395B /* NetworkEndpoint.swift */ = {isa = PBXFileReference; lastKnownFileType = sourcecode.swift; path = NetworkEndpoint.swift; sourceTree = "<group>"; };
		2A8D9FF926126380001F395B /* NetworkEndpointTests.swift */ = {isa = PBXFileReference; lastKnownFileType = sourcecode.swift; path = NetworkEndpointTests.swift; sourceTree = "<group>"; };
		2A8DA00526126824001F395B /* BundleManager.swift */ = {isa = PBXFileReference; lastKnownFileType = sourcecode.swift; path = BundleManager.swift; sourceTree = "<group>"; };
		2A8DA015261278BF001F395B /* Keys.plist */ = {isa = PBXFileReference; lastKnownFileType = text.plist.xml; path = Keys.plist; sourceTree = "<group>"; };
		2A8DA01A261323C1001F395B /* NetworkingManager.swift */ = {isa = PBXFileReference; lastKnownFileType = sourcecode.swift; path = NetworkingManager.swift; sourceTree = "<group>"; };
		2A8DA01E2613248D001F395B /* NetworkError.swift */ = {isa = PBXFileReference; lastKnownFileType = sourcecode.swift; path = NetworkError.swift; sourceTree = "<group>"; };
		2A8DA02526132602001F395B /* MockURLSession.swift */ = {isa = PBXFileReference; lastKnownFileType = sourcecode.swift; path = MockURLSession.swift; sourceTree = "<group>"; };
		2A8DA02D26132641001F395B /* DummyURLSessionDataTask.swift */ = {isa = PBXFileReference; lastKnownFileType = sourcecode.swift; path = DummyURLSessionDataTask.swift; sourceTree = "<group>"; };
		2A8DA03326132824001F395B /* MoviesSearchData.swift */ = {isa = PBXFileReference; lastKnownFileType = sourcecode.swift; path = MoviesSearchData.swift; sourceTree = "<group>"; };
		2A8DA03B2613293B001F395B /* Published+Codable.swift */ = {isa = PBXFileReference; lastKnownFileType = sourcecode.swift; path = "Published+Codable.swift"; sourceTree = "<group>"; };
		2A8DA04126132A84001F395B /* MotionPictureType.swift */ = {isa = PBXFileReference; lastKnownFileType = sourcecode.swift; path = MotionPictureType.swift; sourceTree = "<group>"; };
		2A8DA04526132AD9001F395B /* SearchResultData.swift */ = {isa = PBXFileReference; lastKnownFileType = sourcecode.swift; path = SearchResultData.swift; sourceTree = "<group>"; };
		2A8DA04F2613449D001F395B /* SearchMoviesView.swift */ = {isa = PBXFileReference; lastKnownFileType = sourcecode.swift; path = SearchMoviesView.swift; sourceTree = "<group>"; };
		2A8DA0562613481D001F395B /* Localized.swift */ = {isa = PBXFileReference; lastKnownFileType = sourcecode.swift; path = Localized.swift; sourceTree = "<group>"; };
		2A8DA05F26134878001F395B /* en */ = {isa = PBXFileReference; lastKnownFileType = text.plist.strings; name = en; path = en.lproj/Localizable.strings; sourceTree = "<group>"; };
		2A8DA063261349A9001F395B /* fr */ = {isa = PBXFileReference; lastKnownFileType = text.plist.strings; name = fr; path = fr.lproj/Localizable.strings; sourceTree = "<group>"; };
		2A8DA066261349DA001F395B /* Image+Name.swift */ = {isa = PBXFileReference; lastKnownFileType = sourcecode.swift; path = "Image+Name.swift"; sourceTree = "<group>"; };
		2A8DA06B26134B2D001F395B /* WelcomeView.swift */ = {isa = PBXFileReference; lastKnownFileType = sourcecode.swift; path = WelcomeView.swift; sourceTree = "<group>"; };
		2A8DA07326134E64001F395B /* MainButton.swift */ = {isa = PBXFileReference; lastKnownFileType = sourcecode.swift; path = MainButton.swift; sourceTree = "<group>"; };
		2A8DA07826134EDF001F395B /* WelcomeCell.swift */ = {isa = PBXFileReference; lastKnownFileType = sourcecode.swift; path = WelcomeCell.swift; sourceTree = "<group>"; };
		2A8DA07E2613571E001F395B /* SkipButton.swift */ = {isa = PBXFileReference; lastKnownFileType = sourcecode.swift; path = SkipButton.swift; sourceTree = "<group>"; };
		2A8DA083261357D0001F395B /* WelcomeTitle.swift */ = {isa = PBXFileReference; lastKnownFileType = sourcecode.swift; path = WelcomeTitle.swift; sourceTree = "<group>"; };
		2A8DA08C261361BF001F395B /* SearchBarRepresentable.swift */ = {isa = PBXFileReference; lastKnownFileType = sourcecode.swift; path = SearchBarRepresentable.swift; sourceTree = "<group>"; };
		2A8DA0942613638E001F395B /* SearchBarModifier.swift */ = {isa = PBXFileReference; lastKnownFileType = sourcecode.swift; path = SearchBarModifier.swift; sourceTree = "<group>"; };
		2A8DA09C2613640E001F395B /* SearchBarItem.swift */ = {isa = PBXFileReference; lastKnownFileType = sourcecode.swift; path = SearchBarItem.swift; sourceTree = "<group>"; };
		2A8DA0A2261364C2001F395B /* View+SearchBar.swift */ = {isa = PBXFileReference; lastKnownFileType = sourcecode.swift; path = "View+SearchBar.swift"; sourceTree = "<group>"; };
		2A8DA0A926136A52001F395B /* MoviesViewModel.swift */ = {isa = PBXFileReference; lastKnownFileType = sourcecode.swift; path = MoviesViewModel.swift; sourceTree = "<group>"; };
		2A8DA0AE26136B44001F395B /* MoviesViewModelTests.swift */ = {isa = PBXFileReference; lastKnownFileType = sourcecode.swift; path = MoviesViewModelTests.swift; sourceTree = "<group>"; };
		2A8DA0B7261370D0001F395B /* SearchMoviesData.json */ = {isa = PBXFileReference; lastKnownFileType = text.json; path = SearchMoviesData.json; sourceTree = "<group>"; };
		2A8DA0BD26137127001F395B /* FakeResponseData.swift */ = {isa = PBXFileReference; lastKnownFileType = sourcecode.swift; path = FakeResponseData.swift; sourceTree = "<group>"; };
		2A8DA0C2261375EB001F395B /* AlertProtocol.swift */ = {isa = PBXFileReference; lastKnownFileType = sourcecode.swift; path = AlertProtocol.swift; sourceTree = "<group>"; };
		2A8DA0C626137625001F395B /* BlaBlaMovieAlert.swift */ = {isa = PBXFileReference; lastKnownFileType = sourcecode.swift; path = BlaBlaMovieAlert.swift; sourceTree = "<group>"; };
		2A8DA0CB261376B9001F395B /* AlertManager.swift */ = {isa = PBXFileReference; lastKnownFileType = sourcecode.swift; path = AlertManager.swift; sourceTree = "<group>"; };
		2A8DA0D326137C18001F395B /* MainProgressViewModifier.swift */ = {isa = PBXFileReference; lastKnownFileType = sourcecode.swift; path = MainProgressViewModifier.swift; sourceTree = "<group>"; };
		2A8DA0D926138123001F395B /* MovieCell.swift */ = {isa = PBXFileReference; lastKnownFileType = sourcecode.swift; path = MovieCell.swift; sourceTree = "<group>"; };
		2A8DA0E32613B064001F395B /* WebImageView.swift */ = {isa = PBXFileReference; lastKnownFileType = sourcecode.swift; path = WebImageView.swift; sourceTree = "<group>"; };
		2A8DA0E92613B0CE001F395B /* WebImageViewModel.swift */ = {isa = PBXFileReference; lastKnownFileType = sourcecode.swift; path = WebImageViewModel.swift; sourceTree = "<group>"; };
		2A8DA0EE2613B631001F395B /* ImageCacheManager.swift */ = {isa = PBXFileReference; lastKnownFileType = sourcecode.swift; path = ImageCacheManager.swift; sourceTree = "<group>"; };
		2A8DA0F42613B665001F395B /* ImageCacheProtocol.swift */ = {isa = PBXFileReference; lastKnownFileType = sourcecode.swift; path = ImageCacheProtocol.swift; sourceTree = "<group>"; };
		2A8DA0F82613B6BB001F395B /* CacheConfiguration.swift */ = {isa = PBXFileReference; lastKnownFileType = sourcecode.swift; path = CacheConfiguration.swift; sourceTree = "<group>"; };
		2A8DA0FE2613B773001F395B /* NSLockProtocol.swift */ = {isa = PBXFileReference; lastKnownFileType = sourcecode.swift; path = NSLockProtocol.swift; sourceTree = "<group>"; };
		2A8DA1022613B7AD001F395B /* UIImage+Decode.swift */ = {isa = PBXFileReference; lastKnownFileType = sourcecode.swift; path = "UIImage+Decode.swift"; sourceTree = "<group>"; };
		2A8DA1082613BE1A001F395B /* Images.xcassets */ = {isa = PBXFileReference; lastKnownFileType = folder.assetcatalog; path = Images.xcassets; sourceTree = "<group>"; };
		2A8DA10E2613CB81001F395B /* BlankMovieCell.swift */ = {isa = PBXFileReference; lastKnownFileType = sourcecode.swift; path = BlankMovieCell.swift; sourceTree = "<group>"; };
		2A8DA1172613CE1E001F395B /* TheMovieView.swift */ = {isa = PBXFileReference; lastKnownFileType = sourcecode.swift; path = TheMovieView.swift; sourceTree = "<group>"; };
		2A8DA11E2613D3C8001F395B /* TheMovieGesture.swift */ = {isa = PBXFileReference; lastKnownFileType = sourcecode.swift; path = TheMovieGesture.swift; sourceTree = "<group>"; };
		2A8DA1242613EB14001F395B /* MovieDetailsView.swift */ = {isa = PBXFileReference; lastKnownFileType = sourcecode.swift; path = MovieDetailsView.swift; sourceTree = "<group>"; };
		2AD71ABC261243B90006F6FD /* BlaBlaMovie.app */ = {isa = PBXFileReference; explicitFileType = wrapper.application; includeInIndex = 0; path = BlaBlaMovie.app; sourceTree = BUILT_PRODUCTS_DIR; };
		2AD71ABF261243B90006F6FD /* BlaBlaMovieApp.swift */ = {isa = PBXFileReference; lastKnownFileType = sourcecode.swift; path = BlaBlaMovieApp.swift; sourceTree = "<group>"; };
		2AD71AC1261243B90006F6FD /* ContentView.swift */ = {isa = PBXFileReference; lastKnownFileType = sourcecode.swift; path = ContentView.swift; sourceTree = "<group>"; };
		2AD71AC3261243BB0006F6FD /* Assets.xcassets */ = {isa = PBXFileReference; lastKnownFileType = folder.assetcatalog; path = Assets.xcassets; sourceTree = "<group>"; };
		2AD71AC6261243BB0006F6FD /* Preview Assets.xcassets */ = {isa = PBXFileReference; lastKnownFileType = folder.assetcatalog; path = "Preview Assets.xcassets"; sourceTree = "<group>"; };
		2AD71AC8261243BB0006F6FD /* Info.plist */ = {isa = PBXFileReference; lastKnownFileType = text.plist.xml; path = Info.plist; sourceTree = "<group>"; };
/* End PBXFileReference section */

/* Begin PBXFrameworksBuildPhase section */
		2A8D9FD026125E8D001F395B /* Frameworks */ = {
			isa = PBXFrameworksBuildPhase;
			buildActionMask = 2147483647;
			files = (
			);
			runOnlyForDeploymentPostprocessing = 0;
		};
		2AD71AB9261243B90006F6FD /* Frameworks */ = {
			isa = PBXFrameworksBuildPhase;
			buildActionMask = 2147483647;
			files = (
			);
			runOnlyForDeploymentPostprocessing = 0;
		};
/* End PBXFrameworksBuildPhase section */

/* Begin PBXGroup section */
		2A8D9FCE26125D80001F395B /* Enum */ = {
			isa = PBXGroup;
			children = (
				2A8DA04126132A84001F395B /* MotionPictureType.swift */,
				2A8D9FF42612634B001F395B /* NetworkEndpoint.swift */,
				2A8DA01E2613248D001F395B /* NetworkError.swift */,
				2A8DA0C626137625001F395B /* BlaBlaMovieAlert.swift */,
			);
			path = Enum;
			sourceTree = "<group>";
		};
		2A8D9FD426125E8D001F395B /* BlaBlaMovieTests */ = {
			isa = PBXGroup;
			children = (
				2A8D9FEA2612604D001F395B /* Base */,
				2A8D9FEB2612605E001F395B /* Cases */,
				2A8D9FE526126000001F395B /* Configurations */,
				2A8DA02B2613261C001F395B /* Dummies */,
				2A8DA0B42613707A001F395B /* Fakes */,
				2A8DA023261325DD001F395B /* Mocks */,
			);
			path = BlaBlaMovieTests;
			sourceTree = "<group>";
		};
		2A8D9FDF26125E98001F395B /* BlaBlaMovieTestPlans */ = {
			isa = PBXGroup;
			children = (
				2A8D9FE226125F3B001F395B /* Development.xctestplan */,
			);
			path = BlaBlaMovieTestPlans;
			sourceTree = "<group>";
		};
		2A8D9FE526126000001F395B /* Configurations */ = {
			isa = PBXGroup;
			children = (
				2A8D9FD726125E8D001F395B /* Info.plist */,
			);
			path = Configurations;
			sourceTree = "<group>";
		};
		2A8D9FEA2612604D001F395B /* Base */ = {
			isa = PBXGroup;
			children = (
				2A8D9FEC2612611B001F395B /* BaseXCTestCase.swift */,
			);
			path = Base;
			sourceTree = "<group>";
		};
		2A8D9FEB2612605E001F395B /* Cases */ = {
			isa = PBXGroup;
			children = (
				2A8D9FF826126353001F395B /* Enum */,
				2A8DA0AD26136B26001F395B /* ViewModels */,
			);
			path = Cases;
			sourceTree = "<group>";
		};
		2A8D9FF826126353001F395B /* Enum */ = {
			isa = PBXGroup;
			children = (
				2A8D9FF926126380001F395B /* NetworkEndpointTests.swift */,
			);
			path = Enum;
			sourceTree = "<group>";
		};
		2A8DA003261267F5001F395B /* Services */ = {
			isa = PBXGroup;
			children = (
				2A8DA0CA261376AA001F395B /* Alert */,
				2A8DA0042612680B001F395B /* BundleManager */,
				2A8DA0ED2613B610001F395B /* Cache */,
				2A8DA019261323AA001F395B /* Networking */,
			);
			path = Services;
			sourceTree = "<group>";
		};
		2A8DA0042612680B001F395B /* BundleManager */ = {
			isa = PBXGroup;
			children = (
				2A8DA00526126824001F395B /* BundleManager.swift */,
			);
			path = BundleManager;
			sourceTree = "<group>";
		};
		2A8DA019261323AA001F395B /* Networking */ = {
			isa = PBXGroup;
			children = (
				2A8DA01A261323C1001F395B /* NetworkingManager.swift */,
			);
			path = Networking;
			sourceTree = "<group>";
		};
		2A8DA022261324E1001F395B /* Models */ = {
			isa = PBXGroup;
			children = (
				2A8DA037261328AB001F395B /* MoviesSearch */,
			);
			path = Models;
			sourceTree = "<group>";
		};
		2A8DA023261325DD001F395B /* Mocks */ = {
			isa = PBXGroup;
			children = (
				2A8DA024261325F0001F395B /* URLSession */,
			);
			path = Mocks;
			sourceTree = "<group>";
		};
		2A8DA024261325F0001F395B /* URLSession */ = {
			isa = PBXGroup;
			children = (
				2A8DA02526132602001F395B /* MockURLSession.swift */,
			);
			path = URLSession;
			sourceTree = "<group>";
		};
		2A8DA02B2613261C001F395B /* Dummies */ = {
			isa = PBXGroup;
			children = (
				2A8DA02C2613262C001F395B /* URLSession */,
			);
			path = Dummies;
			sourceTree = "<group>";
		};
		2A8DA02C2613262C001F395B /* URLSession */ = {
			isa = PBXGroup;
			children = (
				2A8DA02D26132641001F395B /* DummyURLSessionDataTask.swift */,
			);
			path = URLSession;
			sourceTree = "<group>";
		};
		2A8DA037261328AB001F395B /* MoviesSearch */ = {
			isa = PBXGroup;
			children = (
				2A8DA03326132824001F395B /* MoviesSearchData.swift */,
				2A8DA04526132AD9001F395B /* SearchResultData.swift */,
			);
			path = MoviesSearch;
			sourceTree = "<group>";
		};
		2A8DA03A2613292D001F395B /* Extensions */ = {
			isa = PBXGroup;
			children = (
				2A8DA066261349DA001F395B /* Image+Name.swift */,
				2A8DA03B2613293B001F395B /* Published+Codable.swift */,
				2A8DA1022613B7AD001F395B /* UIImage+Decode.swift */,
				2A8DA0A2261364C2001F395B /* View+SearchBar.swift */,
			);
			path = Extensions;
			sourceTree = "<group>";
		};
		2A8DA04B261343F8001F395B /* Navigations */ = {
			isa = PBXGroup;
			children = (
				2AD71AC1261243B90006F6FD /* ContentView.swift */,
			);
			path = Navigations;
			sourceTree = "<group>";
		};
		2A8DA04E26134484001F395B /* TabViews */ = {
			isa = PBXGroup;
			children = (
				2A8DA04F2613449D001F395B /* SearchMoviesView.swift */,
			);
			path = TabViews;
			sourceTree = "<group>";
		};
		2A8DA05526134803001F395B /* Localizables */ = {
			isa = PBXGroup;
			children = (
				2A8DA0562613481D001F395B /* Localized.swift */,
				2A8DA06026134878001F395B /* Localizable.strings */,
			);
			path = Localizables;
			sourceTree = "<group>";
		};
		2A8DA06A26134B1D001F395B /* Subviews */ = {
			isa = PBXGroup;
			children = (
				2A8DA1162613CE0E001F395B /* Movie */,
				2A8DA0E12613B002001F395B /* Onboarding */,
				2A8DA0E22613B00E001F395B /* WebImage */,
			);
			path = Subviews;
			sourceTree = "<group>";
		};
		2A8DA07126134E50001F395B /* Components */ = {
			isa = PBXGroup;
			children = (
				2A8DA07226134E58001F395B /* Buttons */,
				2A8DA082261357B2001F395B /* Titles */,
			);
			path = Components;
			sourceTree = "<group>";
		};
		2A8DA07226134E58001F395B /* Buttons */ = {
			isa = PBXGroup;
			children = (
				2A8DA07326134E64001F395B /* MainButton.swift */,
				2A8DA07E2613571E001F395B /* SkipButton.swift */,
			);
			path = Buttons;
			sourceTree = "<group>";
		};
		2A8DA07726134ED3001F395B /* Cells */ = {
			isa = PBXGroup;
			children = (
				2A8DA1132613CBDA001F395B /* Movie */,
				2A8DA1122613CBCE001F395B /* Onboarding */,
			);
			path = Cells;
			sourceTree = "<group>";
		};
		2A8DA082261357B2001F395B /* Titles */ = {
			isa = PBXGroup;
			children = (
				2A8DA083261357D0001F395B /* WelcomeTitle.swift */,
			);
			path = Titles;
			sourceTree = "<group>";
		};
		2A8DA08A26136199001F395B /* UIViewRepresentables */ = {
			isa = PBXGroup;
			children = (
				2A8DA08C261361BF001F395B /* SearchBarRepresentable.swift */,
			);
			path = UIViewRepresentables;
			sourceTree = "<group>";
		};
		2A8DA0932613636F001F395B /* Modifiers */ = {
			isa = PBXGroup;
			children = (
				2A8DA11D2613D398001F395B /* Gestures */,
				2A8DA0D226137C08001F395B /* ProgressView */,
				2A8DA0D126137BFB001F395B /* SearchBar */,
			);
			path = Modifiers;
			sourceTree = "<group>";
		};
		2A8DA09A261363BB001F395B /* Items */ = {
			isa = PBXGroup;
			children = (
				2A8DA09C2613640E001F395B /* SearchBarItem.swift */,
			);
			path = Items;
			sourceTree = "<group>";
		};
		2A8DA0A826136A28001F395B /* ViewModels */ = {
			isa = PBXGroup;
			children = (
				2A8DA0A926136A52001F395B /* MoviesViewModel.swift */,
				2A8DA0E92613B0CE001F395B /* WebImageViewModel.swift */,
			);
			path = ViewModels;
			sourceTree = "<group>";
		};
		2A8DA0AD26136B26001F395B /* ViewModels */ = {
			isa = PBXGroup;
			children = (
				2A8DA0AE26136B44001F395B /* MoviesViewModelTests.swift */,
			);
			path = ViewModels;
			sourceTree = "<group>";
		};
		2A8DA0B42613707A001F395B /* Fakes */ = {
			isa = PBXGroup;
			children = (
				2A8DA0B526137092001F395B /* Jsons */,
				2A8DA0B626137099001F395B /* Networking */,
			);
			path = Fakes;
			sourceTree = "<group>";
		};
		2A8DA0B526137092001F395B /* Jsons */ = {
			isa = PBXGroup;
			children = (
				2A8DA0B7261370D0001F395B /* SearchMoviesData.json */,
			);
			path = Jsons;
			sourceTree = "<group>";
		};
		2A8DA0B626137099001F395B /* Networking */ = {
			isa = PBXGroup;
			children = (
				2A8DA0BD26137127001F395B /* FakeResponseData.swift */,
			);
			path = Networking;
			sourceTree = "<group>";
		};
		2A8DA0C1261375BF001F395B /* Protocols */ = {
			isa = PBXGroup;
			children = (
				2A8DA0C2261375EB001F395B /* AlertProtocol.swift */,
				2A8DA0F42613B665001F395B /* ImageCacheProtocol.swift */,
				2A8DA0FE2613B773001F395B /* NSLockProtocol.swift */,
			);
			path = Protocols;
			sourceTree = "<group>";
		};
		2A8DA0CA261376AA001F395B /* Alert */ = {
			isa = PBXGroup;
			children = (
				2A8DA0CB261376B9001F395B /* AlertManager.swift */,
			);
			path = Alert;
			sourceTree = "<group>";
		};
		2A8DA0D126137BFB001F395B /* SearchBar */ = {
			isa = PBXGroup;
			children = (
				2A8DA0942613638E001F395B /* SearchBarModifier.swift */,
			);
			path = SearchBar;
			sourceTree = "<group>";
		};
		2A8DA0D226137C08001F395B /* ProgressView */ = {
			isa = PBXGroup;
			children = (
				2A8DA0D326137C18001F395B /* MainProgressViewModifier.swift */,
			);
			path = ProgressView;
			sourceTree = "<group>";
		};
		2A8DA0E12613B002001F395B /* Onboarding */ = {
			isa = PBXGroup;
			children = (
				2A8DA06B26134B2D001F395B /* WelcomeView.swift */,
			);
			path = Onboarding;
			sourceTree = "<group>";
		};
		2A8DA0E22613B00E001F395B /* WebImage */ = {
			isa = PBXGroup;
			children = (
				2A8DA0E32613B064001F395B /* WebImageView.swift */,
			);
			path = WebImage;
			sourceTree = "<group>";
		};
		2A8DA0ED2613B610001F395B /* Cache */ = {
			isa = PBXGroup;
			children = (
				2A8DA0EE2613B631001F395B /* ImageCacheManager.swift */,
			);
			path = Cache;
			sourceTree = "<group>";
		};
		2A8DA1122613CBCE001F395B /* Onboarding */ = {
			isa = PBXGroup;
			children = (
				2A8DA07826134EDF001F395B /* WelcomeCell.swift */,
			);
			path = Onboarding;
			sourceTree = "<group>";
		};
		2A8DA1132613CBDA001F395B /* Movie */ = {
			isa = PBXGroup;
			children = (
				2A8DA10E2613CB81001F395B /* BlankMovieCell.swift */,
				2A8DA0D926138123001F395B /* MovieCell.swift */,
			);
			path = Movie;
			sourceTree = "<group>";
		};
		2A8DA1162613CE0E001F395B /* Movie */ = {
			isa = PBXGroup;
			children = (
				2A8DA1172613CE1E001F395B /* TheMovieView.swift */,
				2A8DA1242613EB14001F395B /* MovieDetailsView.swift */,
			);
			path = Movie;
			sourceTree = "<group>";
		};
		2A8DA11D2613D398001F395B /* Gestures */ = {
			isa = PBXGroup;
			children = (
				2A8DA11E2613D3C8001F395B /* TheMovieGesture.swift */,
			);
			path = Gestures;
			sourceTree = "<group>";
		};
		2AD71AB3261243B90006F6FD = {
			isa = PBXGroup;
			children = (
				2AD71ABE261243B90006F6FD /* BlaBlaMovie */,
				2A8D9FDF26125E98001F395B /* BlaBlaMovieTestPlans */,
				2A8D9FD426125E8D001F395B /* BlaBlaMovieTests */,
				2AD71ABD261243B90006F6FD /* Products */,
			);
			sourceTree = "<group>";
		};
		2AD71ABD261243B90006F6FD /* Products */ = {
			isa = PBXGroup;
			children = (
				2AD71ABC261243B90006F6FD /* BlaBlaMovie.app */,
				2A8D9FD326125E8D001F395B /* BlaBlaMovieTests.xctest */,
			);
			name = Products;
			sourceTree = "<group>";
		};
		2AD71ABE261243B90006F6FD /* BlaBlaMovie */ = {
			isa = PBXGroup;
			children = (
				2AD71ACF261243E40006F6FD /* Assets */,
				2AD71AD4261244210006F6FD /* Configurations */,
				2A8D9FCE26125D80001F395B /* Enum */,
				2A8DA03A2613292D001F395B /* Extensions */,
				2A8DA05526134803001F395B /* Localizables */,
				2AD71AD8261244860006F6FD /* Main */,
				2A8DA022261324E1001F395B /* Models */,
				2A8DA0C1261375BF001F395B /* Protocols */,
				2A8DA003261267F5001F395B /* Services */,
				2A8DA0A826136A28001F395B /* ViewModels */,
				2AD71AD7261244790006F6FD /* Views */,
			);
			path = BlaBlaMovie;
			sourceTree = "<group>";
		};
		2AD71ACF261243E40006F6FD /* Assets */ = {
			isa = PBXGroup;
			children = (
				2AD71AC3261243BB0006F6FD /* Assets.xcassets */,
				2A8DA1082613BE1A001F395B /* Images.xcassets */,
				2AD71AC6261243BB0006F6FD /* Preview Assets.xcassets */,
			);
			path = Assets;
			sourceTree = "<group>";
		};
		2AD71AD4261244210006F6FD /* Configurations */ = {
			isa = PBXGroup;
			children = (
				2A8DA0F82613B6BB001F395B /* CacheConfiguration.swift */,
				2AD71AC8261243BB0006F6FD /* Info.plist */,
				2A8DA015261278BF001F395B /* Keys.plist */,
			);
			path = Configurations;
			sourceTree = "<group>";
		};
		2AD71AD7261244790006F6FD /* Views */ = {
			isa = PBXGroup;
			children = (
				2A8DA07726134ED3001F395B /* Cells */,
				2A8DA07126134E50001F395B /* Components */,
				2A8DA09A261363BB001F395B /* Items */,
				2A8DA0932613636F001F395B /* Modifiers */,
				2A8DA04B261343F8001F395B /* Navigations */,
				2A8DA06A26134B1D001F395B /* Subviews */,
				2A8DA04E26134484001F395B /* TabViews */,
				2A8DA08A26136199001F395B /* UIViewRepresentables */,
			);
			path = Views;
			sourceTree = "<group>";
		};
		2AD71AD8261244860006F6FD /* Main */ = {
			isa = PBXGroup;
			children = (
				2AD71ABF261243B90006F6FD /* BlaBlaMovieApp.swift */,
			);
			path = Main;
			sourceTree = "<group>";
		};
/* End PBXGroup section */

/* Begin PBXNativeTarget section */
		2A8D9FD226125E8D001F395B /* BlaBlaMovieTests */ = {
			isa = PBXNativeTarget;
			buildConfigurationList = 2A8D9FDA26125E8D001F395B /* Build configuration list for PBXNativeTarget "BlaBlaMovieTests" */;
			buildPhases = (
				2A8D9FCF26125E8D001F395B /* Sources */,
				2A8D9FD026125E8D001F395B /* Frameworks */,
				2A8D9FD126125E8D001F395B /* Resources */,
			);
			buildRules = (
			);
			dependencies = (
				2A8D9FD926125E8D001F395B /* PBXTargetDependency */,
			);
			name = BlaBlaMovieTests;
			productName = BlaBlaMovieTests;
			productReference = 2A8D9FD326125E8D001F395B /* BlaBlaMovieTests.xctest */;
			productType = "com.apple.product-type.bundle.unit-test";
		};
		2AD71ABB261243B90006F6FD /* BlaBlaMovie */ = {
			isa = PBXNativeTarget;
			buildConfigurationList = 2AD71ACB261243BB0006F6FD /* Build configuration list for PBXNativeTarget "BlaBlaMovie" */;
			buildPhases = (
				2AD71AB8261243B90006F6FD /* Sources */,
				2AD71AB9261243B90006F6FD /* Frameworks */,
				2AD71ABA261243B90006F6FD /* Resources */,
			);
			buildRules = (
			);
			dependencies = (
			);
			name = BlaBlaMovie;
			productName = BlaBlaMovie;
			productReference = 2AD71ABC261243B90006F6FD /* BlaBlaMovie.app */;
			productType = "com.apple.product-type.application";
		};
/* End PBXNativeTarget section */

/* Begin PBXProject section */
		2AD71AB4261243B90006F6FD /* Project object */ = {
			isa = PBXProject;
			attributes = {
				LastSwiftUpdateCheck = 1240;
				LastUpgradeCheck = 1240;
				TargetAttributes = {
					2A8D9FD226125E8D001F395B = {
						CreatedOnToolsVersion = 12.4;
						TestTargetID = 2AD71ABB261243B90006F6FD;
					};
					2AD71ABB261243B90006F6FD = {
						CreatedOnToolsVersion = 12.4;
					};
				};
			};
			buildConfigurationList = 2AD71AB7261243B90006F6FD /* Build configuration list for PBXProject "BlaBlaMovie" */;
			compatibilityVersion = "Xcode 9.3";
			developmentRegion = en;
			hasScannedForEncodings = 0;
			knownRegions = (
				en,
				Base,
				fr,
			);
			mainGroup = 2AD71AB3261243B90006F6FD;
			productRefGroup = 2AD71ABD261243B90006F6FD /* Products */;
			projectDirPath = "";
			projectRoot = "";
			targets = (
				2AD71ABB261243B90006F6FD /* BlaBlaMovie */,
				2A8D9FD226125E8D001F395B /* BlaBlaMovieTests */,
			);
		};
/* End PBXProject section */

/* Begin PBXResourcesBuildPhase section */
		2A8D9FD126125E8D001F395B /* Resources */ = {
			isa = PBXResourcesBuildPhase;
			buildActionMask = 2147483647;
			files = (
				2A8DA0B8261370D0001F395B /* SearchMoviesData.json in Resources */,
			);
			runOnlyForDeploymentPostprocessing = 0;
		};
		2AD71ABA261243B90006F6FD /* Resources */ = {
			isa = PBXResourcesBuildPhase;
			buildActionMask = 2147483647;
			files = (
				2A8DA016261278BF001F395B /* Keys.plist in Resources */,
				2A8DA1092613BE1A001F395B /* Images.xcassets in Resources */,
				2A8DA05E26134878001F395B /* Localizable.strings in Resources */,
				2AD71AC7261243BB0006F6FD /* Preview Assets.xcassets in Resources */,
				2AD71AC4261243BB0006F6FD /* Assets.xcassets in Resources */,
			);
			runOnlyForDeploymentPostprocessing = 0;
		};
/* End PBXResourcesBuildPhase section */

/* Begin PBXSourcesBuildPhase section */
		2A8D9FCF26125E8D001F395B /* Sources */ = {
			isa = PBXSourcesBuildPhase;
			buildActionMask = 2147483647;
			files = (
				2A8DA0AF26136B44001F395B /* MoviesViewModelTests.swift in Sources */,
				2A8DA02E26132641001F395B /* DummyURLSessionDataTask.swift in Sources */,
				2A8DA02626132602001F395B /* MockURLSession.swift in Sources */,
				2A8D9FED2612611B001F395B /* BaseXCTestCase.swift in Sources */,
				2A8D9FFA26126380001F395B /* NetworkEndpointTests.swift in Sources */,
				2A8DA0BE26137127001F395B /* FakeResponseData.swift in Sources */,
			);
			runOnlyForDeploymentPostprocessing = 0;
		};
		2AD71AB8261243B90006F6FD /* Sources */ = {
			isa = PBXSourcesBuildPhase;
			buildActionMask = 2147483647;
			files = (
				2A8DA0C3261375EB001F395B /* AlertProtocol.swift in Sources */,
				2A8DA067261349DA001F395B /* Image+Name.swift in Sources */,
				2AD71AC2261243B90006F6FD /* ContentView.swift in Sources */,
				2A8DA0572613481D001F395B /* Localized.swift in Sources */,
				2A8DA0EF2613B631001F395B /* ImageCacheManager.swift in Sources */,
				2AD71AC0261243B90006F6FD /* BlaBlaMovieApp.swift in Sources */,
				2A8DA0A3261364C2001F395B /* View+SearchBar.swift in Sources */,
				2A8DA0952613638E001F395B /* SearchBarModifier.swift in Sources */,
				2A8DA03426132824001F395B /* MoviesSearchData.swift in Sources */,
				2A8D9FF52612634B001F395B /* NetworkEndpoint.swift in Sources */,
				2A8DA07F2613571E001F395B /* SkipButton.swift in Sources */,
				2A8DA04626132AD9001F395B /* SearchResultData.swift in Sources */,
				2A8DA01F2613248D001F395B /* NetworkError.swift in Sources */,
				2A8DA1032613B7AD001F395B /* UIImage+Decode.swift in Sources */,
				2A8DA1182613CE1E001F395B /* TheMovieView.swift in Sources */,
				2A8DA0E42613B064001F395B /* WebImageView.swift in Sources */,
				2A8DA0C726137625001F395B /* BlaBlaMovieAlert.swift in Sources */,
				2A8DA0FF2613B773001F395B /* NSLockProtocol.swift in Sources */,
				2A8DA1252613EB14001F395B /* MovieDetailsView.swift in Sources */,
				2A8DA084261357D0001F395B /* WelcomeTitle.swift in Sources */,
				2A8DA0DA26138123001F395B /* MovieCell.swift in Sources */,
				2A8DA0AA26136A52001F395B /* MoviesViewModel.swift in Sources */,
				2A8DA0D426137C18001F395B /* MainProgressViewModifier.swift in Sources */,
				2A8DA07926134EDF001F395B /* WelcomeCell.swift in Sources */,
				2A8DA01B261323C1001F395B /* NetworkingManager.swift in Sources */,
				2A8DA0502613449D001F395B /* SearchMoviesView.swift in Sources */,
				2A8DA0CC261376B9001F395B /* AlertManager.swift in Sources */,
				2A8DA00626126824001F395B /* BundleManager.swift in Sources */,
				2A8DA04226132A84001F395B /* MotionPictureType.swift in Sources */,
				2A8DA0F92613B6BB001F395B /* CacheConfiguration.swift in Sources */,
				2A8DA08D261361BF001F395B /* SearchBarRepresentable.swift in Sources */,
				2A8DA0EA2613B0CE001F395B /* WebImageViewModel.swift in Sources */,
				2A8DA03C2613293B001F395B /* Published+Codable.swift in Sources */,
				2A8DA10F2613CB81001F395B /* BlankMovieCell.swift in Sources */,
				2A8DA0F52613B665001F395B /* ImageCacheProtocol.swift in Sources */,
				2A8DA11F2613D3C8001F395B /* TheMovieGesture.swift in Sources */,
				2A8DA06C26134B2D001F395B /* WelcomeView.swift in Sources */,
				2A8DA07426134E64001F395B /* MainButton.swift in Sources */,
				2A8DA09D2613640E001F395B /* SearchBarItem.swift in Sources */,
			);
			runOnlyForDeploymentPostprocessing = 0;
		};
/* End PBXSourcesBuildPhase section */

/* Begin PBXTargetDependency section */
		2A8D9FD926125E8D001F395B /* PBXTargetDependency */ = {
			isa = PBXTargetDependency;
			target = 2AD71ABB261243B90006F6FD /* BlaBlaMovie */;
			targetProxy = 2A8D9FD826125E8D001F395B /* PBXContainerItemProxy */;
		};
/* End PBXTargetDependency section */

/* Begin PBXVariantGroup section */
		2A8DA06026134878001F395B /* Localizable.strings */ = {
			isa = PBXVariantGroup;
			children = (
				2A8DA05F26134878001F395B /* en */,
				2A8DA063261349A9001F395B /* fr */,
			);
			name = Localizable.strings;
			sourceTree = "<group>";
		};
/* End PBXVariantGroup section */

/* Begin XCBuildConfiguration section */
		2A8D9FDB26125E8D001F395B /* Debug */ = {
			isa = XCBuildConfiguration;
			buildSettings = {
				BUNDLE_LOADER = "$(TEST_HOST)";
				CODE_SIGN_STYLE = Automatic;
				DEVELOPMENT_TEAM = P8UNJX8SHV;
				INFOPLIST_FILE = BlaBlaMovieTests/Configurations/Info.plist;
				LD_RUNPATH_SEARCH_PATHS = (
					"$(inherited)",
					"@executable_path/Frameworks",
					"@loader_path/Frameworks",
				);
				PRODUCT_BUNDLE_IDENTIFIER = com.RolandLariotte.BlaBlaMovieTests;
				PRODUCT_NAME = "$(TARGET_NAME)";
				SWIFT_VERSION = 5.0;
				TARGETED_DEVICE_FAMILY = "1,2";
				TEST_HOST = "$(BUILT_PRODUCTS_DIR)/BlaBlaMovie.app/BlaBlaMovie";
			};
			name = Debug;
		};
		2A8D9FDC26125E8D001F395B /* Release */ = {
			isa = XCBuildConfiguration;
			buildSettings = {
				BUNDLE_LOADER = "$(TEST_HOST)";
				CODE_SIGN_STYLE = Automatic;
				DEVELOPMENT_TEAM = P8UNJX8SHV;
				INFOPLIST_FILE = BlaBlaMovieTests/Configurations/Info.plist;
				LD_RUNPATH_SEARCH_PATHS = (
					"$(inherited)",
					"@executable_path/Frameworks",
					"@loader_path/Frameworks",
				);
				PRODUCT_BUNDLE_IDENTIFIER = com.RolandLariotte.BlaBlaMovieTests;
				PRODUCT_NAME = "$(TARGET_NAME)";
				SWIFT_VERSION = 5.0;
				TARGETED_DEVICE_FAMILY = "1,2";
				TEST_HOST = "$(BUILT_PRODUCTS_DIR)/BlaBlaMovie.app/BlaBlaMovie";
			};
			name = Release;
		};
		2AD71AC9261243BB0006F6FD /* Debug */ = {
			isa = XCBuildConfiguration;
			buildSettings = {
				ALWAYS_SEARCH_USER_PATHS = NO;
				CLANG_ANALYZER_LOCALIZABILITY_NONLOCALIZED = YES;
				CLANG_ANALYZER_NONNULL = YES;
				CLANG_ANALYZER_NUMBER_OBJECT_CONVERSION = YES_AGGRESSIVE;
				CLANG_CXX_LANGUAGE_STANDARD = "gnu++14";
				CLANG_CXX_LIBRARY = "libc++";
				CLANG_ENABLE_MODULES = YES;
				CLANG_ENABLE_OBJC_ARC = YES;
				CLANG_ENABLE_OBJC_WEAK = YES;
				CLANG_WARN_BLOCK_CAPTURE_AUTORELEASING = YES;
				CLANG_WARN_BOOL_CONVERSION = YES;
				CLANG_WARN_COMMA = YES;
				CLANG_WARN_CONSTANT_CONVERSION = YES;
				CLANG_WARN_DEPRECATED_OBJC_IMPLEMENTATIONS = YES;
				CLANG_WARN_DIRECT_OBJC_ISA_USAGE = YES_ERROR;
				CLANG_WARN_DOCUMENTATION_COMMENTS = YES;
				CLANG_WARN_EMPTY_BODY = YES;
				CLANG_WARN_ENUM_CONVERSION = YES;
				CLANG_WARN_INFINITE_RECURSION = YES;
				CLANG_WARN_INT_CONVERSION = YES;
				CLANG_WARN_NON_LITERAL_NULL_CONVERSION = YES;
				CLANG_WARN_OBJC_IMPLICIT_RETAIN_SELF = YES;
				CLANG_WARN_OBJC_LITERAL_CONVERSION = YES;
				CLANG_WARN_OBJC_ROOT_CLASS = YES_ERROR;
				CLANG_WARN_QUOTED_INCLUDE_IN_FRAMEWORK_HEADER = YES;
				CLANG_WARN_RANGE_LOOP_ANALYSIS = YES;
				CLANG_WARN_STRICT_PROTOTYPES = YES;
				CLANG_WARN_SUSPICIOUS_MOVE = YES;
				CLANG_WARN_UNGUARDED_AVAILABILITY = YES_AGGRESSIVE;
				CLANG_WARN_UNREACHABLE_CODE = YES;
				CLANG_WARN__DUPLICATE_METHOD_MATCH = YES;
				COPY_PHASE_STRIP = NO;
				DEBUG_INFORMATION_FORMAT = dwarf;
				ENABLE_STRICT_OBJC_MSGSEND = YES;
				ENABLE_TESTABILITY = YES;
				GCC_C_LANGUAGE_STANDARD = gnu11;
				GCC_DYNAMIC_NO_PIC = NO;
				GCC_NO_COMMON_BLOCKS = YES;
				GCC_OPTIMIZATION_LEVEL = 0;
				GCC_PREPROCESSOR_DEFINITIONS = (
					"DEBUG=1",
					"$(inherited)",
				);
				GCC_WARN_64_TO_32_BIT_CONVERSION = YES;
				GCC_WARN_ABOUT_RETURN_TYPE = YES_ERROR;
				GCC_WARN_UNDECLARED_SELECTOR = YES;
				GCC_WARN_UNINITIALIZED_AUTOS = YES_AGGRESSIVE;
				GCC_WARN_UNUSED_FUNCTION = YES;
				GCC_WARN_UNUSED_VARIABLE = YES;
				IPHONEOS_DEPLOYMENT_TARGET = 14.4;
				MTL_ENABLE_DEBUG_INFO = INCLUDE_SOURCE;
				MTL_FAST_MATH = YES;
				ONLY_ACTIVE_ARCH = YES;
				SDKROOT = iphoneos;
				SWIFT_ACTIVE_COMPILATION_CONDITIONS = DEBUG;
				SWIFT_OPTIMIZATION_LEVEL = "-Onone";
			};
			name = Debug;
		};
		2AD71ACA261243BB0006F6FD /* Release */ = {
			isa = XCBuildConfiguration;
			buildSettings = {
				ALWAYS_SEARCH_USER_PATHS = NO;
				CLANG_ANALYZER_LOCALIZABILITY_NONLOCALIZED = YES;
				CLANG_ANALYZER_NONNULL = YES;
				CLANG_ANALYZER_NUMBER_OBJECT_CONVERSION = YES_AGGRESSIVE;
				CLANG_CXX_LANGUAGE_STANDARD = "gnu++14";
				CLANG_CXX_LIBRARY = "libc++";
				CLANG_ENABLE_MODULES = YES;
				CLANG_ENABLE_OBJC_ARC = YES;
				CLANG_ENABLE_OBJC_WEAK = YES;
				CLANG_WARN_BLOCK_CAPTURE_AUTORELEASING = YES;
				CLANG_WARN_BOOL_CONVERSION = YES;
				CLANG_WARN_COMMA = YES;
				CLANG_WARN_CONSTANT_CONVERSION = YES;
				CLANG_WARN_DEPRECATED_OBJC_IMPLEMENTATIONS = YES;
				CLANG_WARN_DIRECT_OBJC_ISA_USAGE = YES_ERROR;
				CLANG_WARN_DOCUMENTATION_COMMENTS = YES;
				CLANG_WARN_EMPTY_BODY = YES;
				CLANG_WARN_ENUM_CONVERSION = YES;
				CLANG_WARN_INFINITE_RECURSION = YES;
				CLANG_WARN_INT_CONVERSION = YES;
				CLANG_WARN_NON_LITERAL_NULL_CONVERSION = YES;
				CLANG_WARN_OBJC_IMPLICIT_RETAIN_SELF = YES;
				CLANG_WARN_OBJC_LITERAL_CONVERSION = YES;
				CLANG_WARN_OBJC_ROOT_CLASS = YES_ERROR;
				CLANG_WARN_QUOTED_INCLUDE_IN_FRAMEWORK_HEADER = YES;
				CLANG_WARN_RANGE_LOOP_ANALYSIS = YES;
				CLANG_WARN_STRICT_PROTOTYPES = YES;
				CLANG_WARN_SUSPICIOUS_MOVE = YES;
				CLANG_WARN_UNGUARDED_AVAILABILITY = YES_AGGRESSIVE;
				CLANG_WARN_UNREACHABLE_CODE = YES;
				CLANG_WARN__DUPLICATE_METHOD_MATCH = YES;
				COPY_PHASE_STRIP = NO;
				DEBUG_INFORMATION_FORMAT = "dwarf-with-dsym";
				ENABLE_NS_ASSERTIONS = NO;
				ENABLE_STRICT_OBJC_MSGSEND = YES;
				GCC_C_LANGUAGE_STANDARD = gnu11;
				GCC_NO_COMMON_BLOCKS = YES;
				GCC_WARN_64_TO_32_BIT_CONVERSION = YES;
				GCC_WARN_ABOUT_RETURN_TYPE = YES_ERROR;
				GCC_WARN_UNDECLARED_SELECTOR = YES;
				GCC_WARN_UNINITIALIZED_AUTOS = YES_AGGRESSIVE;
				GCC_WARN_UNUSED_FUNCTION = YES;
				GCC_WARN_UNUSED_VARIABLE = YES;
				IPHONEOS_DEPLOYMENT_TARGET = 14.4;
				MTL_ENABLE_DEBUG_INFO = NO;
				MTL_FAST_MATH = YES;
				SDKROOT = iphoneos;
				SWIFT_COMPILATION_MODE = wholemodule;
				SWIFT_OPTIMIZATION_LEVEL = "-O";
				VALIDATE_PRODUCT = YES;
			};
			name = Release;
		};
		2AD71ACC261243BB0006F6FD /* Debug */ = {
			isa = XCBuildConfiguration;
			buildSettings = {
				ASSETCATALOG_COMPILER_APPICON_NAME = AppIcon;
				ASSETCATALOG_COMPILER_GLOBAL_ACCENT_COLOR_NAME = AccentColor;
				CODE_SIGN_STYLE = Automatic;
				DEVELOPMENT_ASSET_PATHS = "\"BlaBlaMovie/Assets\"";
				DEVELOPMENT_TEAM = P8UNJX8SHV;
				ENABLE_PREVIEWS = YES;
				INFOPLIST_FILE = BlaBlaMovie/Configurations/Info.plist;
				IPHONEOS_DEPLOYMENT_TARGET = 14.0;
				LD_RUNPATH_SEARCH_PATHS = (
					"$(inherited)",
					"@executable_path/Frameworks",
				);
				PRODUCT_BUNDLE_IDENTIFIER = com.RolandLariotte.BlaBlaMovie;
				PRODUCT_NAME = "$(TARGET_NAME)";
				SWIFT_VERSION = 5.0;
				TARGETED_DEVICE_FAMILY = "1,2";
			};
			name = Debug;
		};
		2AD71ACD261243BB0006F6FD /* Release */ = {
			isa = XCBuildConfiguration;
			buildSettings = {
				ASSETCATALOG_COMPILER_APPICON_NAME = AppIcon;
				ASSETCATALOG_COMPILER_GLOBAL_ACCENT_COLOR_NAME = AccentColor;
				CODE_SIGN_STYLE = Automatic;
				DEVELOPMENT_ASSET_PATHS = "\"BlaBlaMovie/Assets\"";
				DEVELOPMENT_TEAM = P8UNJX8SHV;
				ENABLE_PREVIEWS = YES;
				INFOPLIST_FILE = BlaBlaMovie/Configurations/Info.plist;
				IPHONEOS_DEPLOYMENT_TARGET = 14.0;
				LD_RUNPATH_SEARCH_PATHS = (
					"$(inherited)",
					"@executable_path/Frameworks",
				);
				PRODUCT_BUNDLE_IDENTIFIER = com.RolandLariotte.BlaBlaMovie;
				PRODUCT_NAME = "$(TARGET_NAME)";
				SWIFT_VERSION = 5.0;
				TARGETED_DEVICE_FAMILY = "1,2";
			};
			name = Release;
		};
/* End XCBuildConfiguration section */

/* Begin XCConfigurationList section */
		2A8D9FDA26125E8D001F395B /* Build configuration list for PBXNativeTarget "BlaBlaMovieTests" */ = {
			isa = XCConfigurationList;
			buildConfigurations = (
				2A8D9FDB26125E8D001F395B /* Debug */,
				2A8D9FDC26125E8D001F395B /* Release */,
			);
			defaultConfigurationIsVisible = 0;
			defaultConfigurationName = Release;
		};
		2AD71AB7261243B90006F6FD /* Build configuration list for PBXProject "BlaBlaMovie" */ = {
			isa = XCConfigurationList;
			buildConfigurations = (
				2AD71AC9261243BB0006F6FD /* Debug */,
				2AD71ACA261243BB0006F6FD /* Release */,
			);
			defaultConfigurationIsVisible = 0;
			defaultConfigurationName = Release;
		};
		2AD71ACB261243BB0006F6FD /* Build configuration list for PBXNativeTarget "BlaBlaMovie" */ = {
			isa = XCConfigurationList;
			buildConfigurations = (
				2AD71ACC261243BB0006F6FD /* Debug */,
				2AD71ACD261243BB0006F6FD /* Release */,
			);
			defaultConfigurationIsVisible = 0;
			defaultConfigurationName = Release;
		};
/* End XCConfigurationList section */
	};
	rootObject = 2AD71AB4261243B90006F6FD /* Project object */;
}
