// !$*UTF8*$!
{
	archiveVersion = 1;
	classes = {
	};
	objectVersion = 50;
	objects = {

/* Begin PBXBuildFile section */
		2AD71AC0261243B90006F6FD /* BlaBlaMovieApp.swift in Sources */ = {isa = PBXBuildFile; fileRef = 2AD71ABF261243B90006F6FD /* BlaBlaMovieApp.swift */; };
		2AD71AC2261243B90006F6FD /* ContentView.swift in Sources */ = {isa = PBXBuildFile; fileRef = 2AD71AC1261243B90006F6FD /* ContentView.swift */; };
		2AD71AC4261243BB0006F6FD /* Assets.xcassets in Resources */ = {isa = PBXBuildFile; fileRef = 2AD71AC3261243BB0006F6FD /* Assets.xcassets */; };
		2AD71AC7261243BB0006F6FD /* Preview Assets.xcassets in Resources */ = {isa = PBXBuildFile; fileRef = 2AD71AC6261243BB0006F6FD /* Preview Assets.xcassets */; };
/* End PBXBuildFile section */

/* Begin PBXFileReference section */
		2AD71ABC261243B90006F6FD /* BlaBlaMovie.app */ = {isa = PBXFileReference; explicitFileType = wrapper.application; includeInIndex = 0; path = BlaBlaMovie.app; sourceTree = BUILT_PRODUCTS_DIR; };
		2AD71ABF261243B90006F6FD /* BlaBlaMovieApp.swift */ = {isa = PBXFileReference; lastKnownFileType = sourcecode.swift; path = BlaBlaMovieApp.swift; sourceTree = "<group>"; };
		2AD71AC1261243B90006F6FD /* ContentView.swift */ = {isa = PBXFileReference; lastKnownFileType = sourcecode.swift; path = ContentView.swift; sourceTree = "<group>"; };
		2AD71AC3261243BB0006F6FD /* Assets.xcassets */ = {isa = PBXFileReference; lastKnownFileType = folder.assetcatalog; path = Assets.xcassets; sourceTree = "<group>"; };
		2AD71AC6261243BB0006F6FD /* Preview Assets.xcassets */ = {isa = PBXFileReference; lastKnownFileType = folder.assetcatalog; path = "Preview Assets.xcassets"; sourceTree = "<group>"; };
		2AD71AC8261243BB0006F6FD /* Info.plist */ = {isa = PBXFileReference; lastKnownFileType = text.plist.xml; path = Info.plist; sourceTree = "<group>"; };
/* End PBXFileReference section */

/* Begin PBXFrameworksBuildPhase section */
		2AD71AB9261243B90006F6FD /* Frameworks */ = {
			isa = PBXFrameworksBuildPhase;
			buildActionMask = 2147483647;
			files = (
			);
			runOnlyForDeploymentPostprocessing = 0;
		};
/* End PBXFrameworksBuildPhase section */

/* Begin PBXGroup section */
		2AD71AB3261243B90006F6FD = {
			isa = PBXGroup;
			children = (
				2AD71ABE261243B90006F6FD /* BlaBlaMovie */,
				2AD71ABD261243B90006F6FD /* Products */,
			);
			sourceTree = "<group>";
		};
		2AD71ABD261243B90006F6FD /* Products */ = {
			isa = PBXGroup;
			children = (
				2AD71ABC261243B90006F6FD /* BlaBlaMovie.app */,
			);
			name = Products;
			sourceTree = "<group>";
		};
		2AD71ABE261243B90006F6FD /* BlaBlaMovie */ = {
			isa = PBXGroup;
			children = (
				2AD71ACF261243E40006F6FD /* Assets */,
				2AD71AD4261244210006F6FD /* Configurations */,
				2AD71AD8261244860006F6FD /* Main */,
				2AD71AD7261244790006F6FD /* Views */,
			);
			path = BlaBlaMovie;
			sourceTree = "<group>";
		};
		2AD71ACF261243E40006F6FD /* Assets */ = {
			isa = PBXGroup;
			children = (
				2AD71AC3261243BB0006F6FD /* Assets.xcassets */,
				2AD71AC6261243BB0006F6FD /* Preview Assets.xcassets */,
			);
			path = Assets;
			sourceTree = "<group>";
		};
		2AD71AD4261244210006F6FD /* Configurations */ = {
			isa = PBXGroup;
			children = (
				2AD71AC8261243BB0006F6FD /* Info.plist */,
			);
			path = Configurations;
			sourceTree = "<group>";
		};
		2AD71AD7261244790006F6FD /* Views */ = {
			isa = PBXGroup;
			children = (
				2AD71AC1261243B90006F6FD /* ContentView.swift */,
			);
			path = Views;
			sourceTree = "<group>";
		};
		2AD71AD8261244860006F6FD /* Main */ = {
			isa = PBXGroup;
			children = (
				2AD71ABF261243B90006F6FD /* BlaBlaMovieApp.swift */,
			);
			path = Main;
			sourceTree = "<group>";
		};
/* End PBXGroup section */

/* Begin PBXNativeTarget section */
		2AD71ABB261243B90006F6FD /* BlaBlaMovie */ = {
			isa = PBXNativeTarget;
			buildConfigurationList = 2AD71ACB261243BB0006F6FD /* Build configuration list for PBXNativeTarget "BlaBlaMovie" */;
			buildPhases = (
				2AD71AB8261243B90006F6FD /* Sources */,
				2AD71AB9261243B90006F6FD /* Frameworks */,
				2AD71ABA261243B90006F6FD /* Resources */,
			);
			buildRules = (
			);
			dependencies = (
			);
			name = BlaBlaMovie;
			productName = BlaBlaMovie;
			productReference = 2AD71ABC261243B90006F6FD /* BlaBlaMovie.app */;
			productType = "com.apple.product-type.application";
		};
/* End PBXNativeTarget section */

/* Begin PBXProject section */
		2AD71AB4261243B90006F6FD /* Project object */ = {
			isa = PBXProject;
			attributes = {
				LastSwiftUpdateCheck = 1240;
				LastUpgradeCheck = 1240;
				TargetAttributes = {
					2AD71ABB261243B90006F6FD = {
						CreatedOnToolsVersion = 12.4;
					};
				};
			};
			buildConfigurationList = 2AD71AB7261243B90006F6FD /* Build configuration list for PBXProject "BlaBlaMovie" */;
			compatibilityVersion = "Xcode 9.3";
			developmentRegion = en;
			hasScannedForEncodings = 0;
			knownRegions = (
				en,
				Base,
			);
			mainGroup = 2AD71AB3261243B90006F6FD;
			productRefGroup = 2AD71ABD261243B90006F6FD /* Products */;
			projectDirPath = "";
			projectRoot = "";
			targets = (
				2AD71ABB261243B90006F6FD /* BlaBlaMovie */,
			);
		};
/* End PBXProject section */

/* Begin PBXResourcesBuildPhase section */
		2AD71ABA261243B90006F6FD /* Resources */ = {
			isa = PBXResourcesBuildPhase;
			buildActionMask = 2147483647;
			files = (
				2AD71AC7261243BB0006F6FD /* Preview Assets.xcassets in Resources */,
				2AD71AC4261243BB0006F6FD /* Assets.xcassets in Resources */,
			);
			runOnlyForDeploymentPostprocessing = 0;
		};
/* End PBXResourcesBuildPhase section */

/* Begin PBXSourcesBuildPhase section */
		2AD71AB8261243B90006F6FD /* Sources */ = {
			isa = PBXSourcesBuildPhase;
			buildActionMask = 2147483647;
			files = (
				2AD71AC2261243B90006F6FD /* ContentView.swift in Sources */,
				2AD71AC0261243B90006F6FD /* BlaBlaMovieApp.swift in Sources */,
			);
			runOnlyForDeploymentPostprocessing = 0;
		};
/* End PBXSourcesBuildPhase section */

/* Begin XCBuildConfiguration section */
		2AD71AC9261243BB0006F6FD /* Debug */ = {
			isa = XCBuildConfiguration;
			buildSettings = {
				ALWAYS_SEARCH_USER_PATHS = NO;
				CLANG_ANALYZER_NONNULL = YES;
				CLANG_ANALYZER_NUMBER_OBJECT_CONVERSION = YES_AGGRESSIVE;
				CLANG_CXX_LANGUAGE_STANDARD = "gnu++14";
				CLANG_CXX_LIBRARY = "libc++";
				CLANG_ENABLE_MODULES = YES;
				CLANG_ENABLE_OBJC_ARC = YES;
				CLANG_ENABLE_OBJC_WEAK = YES;
				CLANG_WARN_BLOCK_CAPTURE_AUTORELEASING = YES;
				CLANG_WARN_BOOL_CONVERSION = YES;
				CLANG_WARN_COMMA = YES;
				CLANG_WARN_CONSTANT_CONVERSION = YES;
				CLANG_WARN_DEPRECATED_OBJC_IMPLEMENTATIONS = YES;
				CLANG_WARN_DIRECT_OBJC_ISA_USAGE = YES_ERROR;
				CLANG_WARN_DOCUMENTATION_COMMENTS = YES;
				CLANG_WARN_EMPTY_BODY = YES;
				CLANG_WARN_ENUM_CONVERSION = YES;
				CLANG_WARN_INFINITE_RECURSION = YES;
				CLANG_WARN_INT_CONVERSION = YES;
				CLANG_WARN_NON_LITERAL_NULL_CONVERSION = YES;
				CLANG_WARN_OBJC_IMPLICIT_RETAIN_SELF = YES;
				CLANG_WARN_OBJC_LITERAL_CONVERSION = YES;
				CLANG_WARN_OBJC_ROOT_CLASS = YES_ERROR;
				CLANG_WARN_QUOTED_INCLUDE_IN_FRAMEWORK_HEADER = YES;
				CLANG_WARN_RANGE_LOOP_ANALYSIS = YES;
				CLANG_WARN_STRICT_PROTOTYPES = YES;
				CLANG_WARN_SUSPICIOUS_MOVE = YES;
				CLANG_WARN_UNGUARDED_AVAILABILITY = YES_AGGRESSIVE;
				CLANG_WARN_UNREACHABLE_CODE = YES;
				CLANG_WARN__DUPLICATE_METHOD_MATCH = YES;
				COPY_PHASE_STRIP = NO;
				DEBUG_INFORMATION_FORMAT = dwarf;
				ENABLE_STRICT_OBJC_MSGSEND = YES;
				ENABLE_TESTABILITY = YES;
				GCC_C_LANGUAGE_STANDARD = gnu11;
				GCC_DYNAMIC_NO_PIC = NO;
				GCC_NO_COMMON_BLOCKS = YES;
				GCC_OPTIMIZATION_LEVEL = 0;
				GCC_PREPROCESSOR_DEFINITIONS = (
					"DEBUG=1",
					"$(inherited)",
				);
				GCC_WARN_64_TO_32_BIT_CONVERSION = YES;
				GCC_WARN_ABOUT_RETURN_TYPE = YES_ERROR;
				GCC_WARN_UNDECLARED_SELECTOR = YES;
				GCC_WARN_UNINITIALIZED_AUTOS = YES_AGGRESSIVE;
				GCC_WARN_UNUSED_FUNCTION = YES;
				GCC_WARN_UNUSED_VARIABLE = YES;
				IPHONEOS_DEPLOYMENT_TARGET = 14.4;
				MTL_ENABLE_DEBUG_INFO = INCLUDE_SOURCE;
				MTL_FAST_MATH = YES;
				ONLY_ACTIVE_ARCH = YES;
				SDKROOT = iphoneos;
				SWIFT_ACTIVE_COMPILATION_CONDITIONS = DEBUG;
				SWIFT_OPTIMIZATION_LEVEL = "-Onone";
			};
			name = Debug;
		};
		2AD71ACA261243BB0006F6FD /* Release */ = {
			isa = XCBuildConfiguration;
			buildSettings = {
				ALWAYS_SEARCH_USER_PATHS = NO;
				CLANG_ANALYZER_NONNULL = YES;
				CLANG_ANALYZER_NUMBER_OBJECT_CONVERSION = YES_AGGRESSIVE;
				CLANG_CXX_LANGUAGE_STANDARD = "gnu++14";
				CLANG_CXX_LIBRARY = "libc++";
				CLANG_ENABLE_MODULES = YES;
				CLANG_ENABLE_OBJC_ARC = YES;
				CLANG_ENABLE_OBJC_WEAK = YES;
				CLANG_WARN_BLOCK_CAPTURE_AUTORELEASING = YES;
				CLANG_WARN_BOOL_CONVERSION = YES;
				CLANG_WARN_COMMA = YES;
				CLANG_WARN_CONSTANT_CONVERSION = YES;
				CLANG_WARN_DEPRECATED_OBJC_IMPLEMENTATIONS = YES;
				CLANG_WARN_DIRECT_OBJC_ISA_USAGE = YES_ERROR;
				CLANG_WARN_DOCUMENTATION_COMMENTS = YES;
				CLANG_WARN_EMPTY_BODY = YES;
				CLANG_WARN_ENUM_CONVERSION = YES;
				CLANG_WARN_INFINITE_RECURSION = YES;
				CLANG_WARN_INT_CONVERSION = YES;
				CLANG_WARN_NON_LITERAL_NULL_CONVERSION = YES;
				CLANG_WARN_OBJC_IMPLICIT_RETAIN_SELF = YES;
				CLANG_WARN_OBJC_LITERAL_CONVERSION = YES;
				CLANG_WARN_OBJC_ROOT_CLASS = YES_ERROR;
				CLANG_WARN_QUOTED_INCLUDE_IN_FRAMEWORK_HEADER = YES;
				CLANG_WARN_RANGE_LOOP_ANALYSIS = YES;
				CLANG_WARN_STRICT_PROTOTYPES = YES;
				CLANG_WARN_SUSPICIOUS_MOVE = YES;
				CLANG_WARN_UNGUARDED_AVAILABILITY = YES_AGGRESSIVE;
				CLANG_WARN_UNREACHABLE_CODE = YES;
				CLANG_WARN__DUPLICATE_METHOD_MATCH = YES;
				COPY_PHASE_STRIP = NO;
				DEBUG_INFORMATION_FORMAT = "dwarf-with-dsym";
				ENABLE_NS_ASSERTIONS = NO;
				ENABLE_STRICT_OBJC_MSGSEND = YES;
				GCC_C_LANGUAGE_STANDARD = gnu11;
				GCC_NO_COMMON_BLOCKS = YES;
				GCC_WARN_64_TO_32_BIT_CONVERSION = YES;
				GCC_WARN_ABOUT_RETURN_TYPE = YES_ERROR;
				GCC_WARN_UNDECLARED_SELECTOR = YES;
				GCC_WARN_UNINITIALIZED_AUTOS = YES_AGGRESSIVE;
				GCC_WARN_UNUSED_FUNCTION = YES;
				GCC_WARN_UNUSED_VARIABLE = YES;
				IPHONEOS_DEPLOYMENT_TARGET = 14.4;
				MTL_ENABLE_DEBUG_INFO = NO;
				MTL_FAST_MATH = YES;
				SDKROOT = iphoneos;
				SWIFT_COMPILATION_MODE = wholemodule;
				SWIFT_OPTIMIZATION_LEVEL = "-O";
				VALIDATE_PRODUCT = YES;
			};
			name = Release;
		};
		2AD71ACC261243BB0006F6FD /* Debug */ = {
			isa = XCBuildConfiguration;
			buildSettings = {
				ASSETCATALOG_COMPILER_APPICON_NAME = AppIcon;
				ASSETCATALOG_COMPILER_GLOBAL_ACCENT_COLOR_NAME = AccentColor;
				CODE_SIGN_STYLE = Automatic;
				DEVELOPMENT_ASSET_PATHS = "\"BlaBlaMovie/Assets\"";
				DEVELOPMENT_TEAM = P8UNJX8SHV;
				ENABLE_PREVIEWS = YES;
				INFOPLIST_FILE = BlaBlaMovie/Configurations/Info.plist;
				IPHONEOS_DEPLOYMENT_TARGET = 14.0;
				LD_RUNPATH_SEARCH_PATHS = (
					"$(inherited)",
					"@executable_path/Frameworks",
				);
				PRODUCT_BUNDLE_IDENTIFIER = com.RolandLariotte.BlaBlaMovie;
				PRODUCT_NAME = "$(TARGET_NAME)";
				SWIFT_VERSION = 5.0;
				TARGETED_DEVICE_FAMILY = "1,2";
			};
			name = Debug;
		};
		2AD71ACD261243BB0006F6FD /* Release */ = {
			isa = XCBuildConfiguration;
			buildSettings = {
				ASSETCATALOG_COMPILER_APPICON_NAME = AppIcon;
				ASSETCATALOG_COMPILER_GLOBAL_ACCENT_COLOR_NAME = AccentColor;
				CODE_SIGN_STYLE = Automatic;
				DEVELOPMENT_ASSET_PATHS = "\"BlaBlaMovie/Assets\"";
				DEVELOPMENT_TEAM = P8UNJX8SHV;
				ENABLE_PREVIEWS = YES;
				INFOPLIST_FILE = BlaBlaMovie/Configurations/Info.plist;
				IPHONEOS_DEPLOYMENT_TARGET = 14.0;
				LD_RUNPATH_SEARCH_PATHS = (
					"$(inherited)",
					"@executable_path/Frameworks",
				);
				PRODUCT_BUNDLE_IDENTIFIER = com.RolandLariotte.BlaBlaMovie;
				PRODUCT_NAME = "$(TARGET_NAME)";
				SWIFT_VERSION = 5.0;
				TARGETED_DEVICE_FAMILY = "1,2";
			};
			name = Release;
		};
/* End XCBuildConfiguration section */

/* Begin XCConfigurationList section */
		2AD71AB7261243B90006F6FD /* Build configuration list for PBXProject "BlaBlaMovie" */ = {
			isa = XCConfigurationList;
			buildConfigurations = (
				2AD71AC9261243BB0006F6FD /* Debug */,
				2AD71ACA261243BB0006F6FD /* Release */,
			);
			defaultConfigurationIsVisible = 0;
			defaultConfigurationName = Release;
		};
		2AD71ACB261243BB0006F6FD /* Build configuration list for PBXNativeTarget "BlaBlaMovie" */ = {
			isa = XCConfigurationList;
			buildConfigurations = (
				2AD71ACC261243BB0006F6FD /* Debug */,
				2AD71ACD261243BB0006F6FD /* Release */,
			);
			defaultConfigurationIsVisible = 0;
			defaultConfigurationName = Release;
		};
/* End XCConfigurationList section */
	};
	rootObject = 2AD71AB4261243B90006F6FD /* Project object */;
}
